// !$*UTF8*$!
{
	archiveVersion = 1;
	classes = {
	};
	objectVersion = 56;
	objects = {

/* Begin PBXBuildFile section */
		6B47F5EF2B42CFC0003BC722 /* GenerativeAICompilerApp.swift in Sources */ = {isa = PBXBuildFile; fileRef = 6B47F5EE2B42CFC0003BC722 /* GenerativeAICompilerApp.swift */; };
		6B47F5F12B42CFC0003BC722 /* ContentView.swift in Sources */ = {isa = PBXBuildFile; fileRef = 6B47F5F02B42CFC0003BC722 /* ContentView.swift */; };
		6B47F5F32B42CFC1003BC722 /* Assets.xcassets in Resources */ = {isa = PBXBuildFile; fileRef = 6B47F5F22B42CFC1003BC722 /* Assets.xcassets */; };
		6B47F5F62B42CFC1003BC722 /* Preview Assets.xcassets in Resources */ = {isa = PBXBuildFile; fileRef = 6B47F5F52B42CFC1003BC722 /* Preview Assets.xcassets */; };
		6B47F5FD2B42D218003BC722 /* ImagePicker.swift in Sources */ = {isa = PBXBuildFile; fileRef = 6B47F5FC2B42D218003BC722 /* ImagePicker.swift */; };
		6B47F6002B42D861003BC722 /* GoogleGenerativeAI in Frameworks */ = {isa = PBXBuildFile; productRef = 6B47F5FF2B42D861003BC722 /* GoogleGenerativeAI */; };
		6B47F6022B42D9CC003BC722 /* GeminiScript.swift in Sources */ = {isa = PBXBuildFile; fileRef = 6B47F6012B42D9CC003BC722 /* GeminiScript.swift */; };
		6B47F6062B42E562003BC722 /* runButton.png in Resources */ = {isa = PBXBuildFile; fileRef = 6B47F6052B42E562003BC722 /* runButton.png */; };
		6B47F6082B433454003BC722 /* OutputView.swift in Sources */ = {isa = PBXBuildFile; fileRef = 6B47F6072B433454003BC722 /* OutputView.swift */; };
		6B850D3C2BEBFF6700BBE505 /* MainView.swift in Sources */ = {isa = PBXBuildFile; fileRef = 6B850D3B2BEBFF6700BBE505 /* MainView.swift */; };
		6B850D3E2BEC035100BBE505 /* RandomizeColors.swift in Sources */ = {isa = PBXBuildFile; fileRef = 6B850D3D2BEC035100BBE505 /* RandomizeColors.swift */; };
		6B850D422BEC1EF700BBE505 /* ComplexityVisualizer.swift in Sources */ = {isa = PBXBuildFile; fileRef = 6B850D412BEC1EF700BBE505 /* ComplexityVisualizer.swift */; };
		6B850D442BED454000BBE505 /* CodeScoreVisualiser.swift in Sources */ = {isa = PBXBuildFile; fileRef = 6B850D432BED454000BBE505 /* CodeScoreVisualiser.swift */; };
		6B850D462BED4CE700BBE505 /* CodeScoreExtractor.swift in Sources */ = {isa = PBXBuildFile; fileRef = 6B850D452BED4CE700BBE505 /* CodeScoreExtractor.swift */; };
/* End PBXBuildFile section */

/* Begin PBXFileReference section */
		6B47F5EB2B42CFC0003BC722 /* GenerativeAICompiler.app */ = {isa = PBXFileReference; explicitFileType = wrapper.application; includeInIndex = 0; path = GenerativeAICompiler.app; sourceTree = BUILT_PRODUCTS_DIR; };
		6B47F5EE2B42CFC0003BC722 /* GenerativeAICompilerApp.swift */ = {isa = PBXFileReference; lastKnownFileType = sourcecode.swift; path = GenerativeAICompilerApp.swift; sourceTree = "<group>"; };
		6B47F5F02B42CFC0003BC722 /* ContentView.swift */ = {isa = PBXFileReference; lastKnownFileType = sourcecode.swift; path = ContentView.swift; sourceTree = "<group>"; };
		6B47F5F22B42CFC1003BC722 /* Assets.xcassets */ = {isa = PBXFileReference; lastKnownFileType = folder.assetcatalog; path = Assets.xcassets; sourceTree = "<group>"; };
		6B47F5F52B42CFC1003BC722 /* Preview Assets.xcassets */ = {isa = PBXFileReference; lastKnownFileType = folder.assetcatalog; path = "Preview Assets.xcassets"; sourceTree = "<group>"; };
		6B47F5FC2B42D218003BC722 /* ImagePicker.swift */ = {isa = PBXFileReference; lastKnownFileType = sourcecode.swift; path = ImagePicker.swift; sourceTree = "<group>"; };
		6B47F6012B42D9CC003BC722 /* GeminiScript.swift */ = {isa = PBXFileReference; lastKnownFileType = sourcecode.swift; path = GeminiScript.swift; sourceTree = "<group>"; };
		6B47F6052B42E562003BC722 /* runButton.png */ = {isa = PBXFileReference; lastKnownFileType = image.png; path = runButton.png; sourceTree = "<group>"; };
		6B47F6072B433454003BC722 /* OutputView.swift */ = {isa = PBXFileReference; lastKnownFileType = sourcecode.swift; path = OutputView.swift; sourceTree = "<group>"; };
		6B850D3B2BEBFF6700BBE505 /* MainView.swift */ = {isa = PBXFileReference; lastKnownFileType = sourcecode.swift; path = MainView.swift; sourceTree = "<group>"; };
		6B850D3D2BEC035100BBE505 /* RandomizeColors.swift */ = {isa = PBXFileReference; lastKnownFileType = sourcecode.swift; path = RandomizeColors.swift; sourceTree = "<group>"; };
		6B850D412BEC1EF700BBE505 /* ComplexityVisualizer.swift */ = {isa = PBXFileReference; lastKnownFileType = sourcecode.swift; path = ComplexityVisualizer.swift; sourceTree = "<group>"; };
		6B850D432BED454000BBE505 /* CodeScoreVisualiser.swift */ = {isa = PBXFileReference; lastKnownFileType = sourcecode.swift; path = CodeScoreVisualiser.swift; sourceTree = "<group>"; };
		6B850D452BED4CE700BBE505 /* CodeScoreExtractor.swift */ = {isa = PBXFileReference; lastKnownFileType = sourcecode.swift; path = CodeScoreExtractor.swift; sourceTree = "<group>"; };
/* End PBXFileReference section */

/* Begin PBXFrameworksBuildPhase section */
		6B47F5E82B42CFC0003BC722 /* Frameworks */ = {
			isa = PBXFrameworksBuildPhase;
			buildActionMask = 2147483647;
			files = (
				6B47F6002B42D861003BC722 /* GoogleGenerativeAI in Frameworks */,
			);
			runOnlyForDeploymentPostprocessing = 0;
		};
/* End PBXFrameworksBuildPhase section */

/* Begin PBXGroup section */
		6B47F5E22B42CFC0003BC722 = {
			isa = PBXGroup;
			children = (
				6B47F5ED2B42CFC0003BC722 /* GenerativeAICompiler */,
				6B47F5EC2B42CFC0003BC722 /* Products */,
			);
			sourceTree = "<group>";
		};
		6B47F5EC2B42CFC0003BC722 /* Products */ = {
			isa = PBXGroup;
			children = (
				6B47F5EB2B42CFC0003BC722 /* GenerativeAICompiler.app */,
			);
			name = Products;
			sourceTree = "<group>";
		};
		6B47F5ED2B42CFC0003BC722 /* GenerativeAICompiler */ = {
			isa = PBXGroup;
			children = (
				6B47F5EE2B42CFC0003BC722 /* GenerativeAICompilerApp.swift */,
				6B47F6012B42D9CC003BC722 /* GeminiScript.swift */,
				6B850D3B2BEBFF6700BBE505 /* MainView.swift */,
				6B47F5F02B42CFC0003BC722 /* ContentView.swift */,
				6B47F5FC2B42D218003BC722 /* ImagePicker.swift */,
				6B47F6072B433454003BC722 /* OutputView.swift */,
				6B850D412BEC1EF700BBE505 /* ComplexityVisualizer.swift */,
				6B47F5F22B42CFC1003BC722 /* Assets.xcassets */,
				6B47F6052B42E562003BC722 /* runButton.png */,
				6B47F5F42B42CFC1003BC722 /* Preview Content */,
				6B850D3D2BEC035100BBE505 /* RandomizeColors.swift */,
				6B850D432BED454000BBE505 /* CodeScoreVisualiser.swift */,
				6B850D452BED4CE700BBE505 /* CodeScoreExtractor.swift */,
			);
			path = GenerativeAICompiler;
			sourceTree = "<group>";
		};
		6B47F5F42B42CFC1003BC722 /* Preview Content */ = {
			isa = PBXGroup;
			children = (
				6B47F5F52B42CFC1003BC722 /* Preview Assets.xcassets */,
			);
			path = "Preview Content";
			sourceTree = "<group>";
		};
/* End PBXGroup section */

/* Begin PBXNativeTarget section */
		6B47F5EA2B42CFC0003BC722 /* GenerativeAICompiler */ = {
			isa = PBXNativeTarget;
			buildConfigurationList = 6B47F5F92B42CFC1003BC722 /* Build configuration list for PBXNativeTarget "GenerativeAICompiler" */;
			buildPhases = (
				6B47F5E72B42CFC0003BC722 /* Sources */,
				6B47F5E82B42CFC0003BC722 /* Frameworks */,
				6B47F5E92B42CFC0003BC722 /* Resources */,
			);
			buildRules = (
			);
			dependencies = (
			);
			name = GenerativeAICompiler;
			packageProductDependencies = (
				6B47F5FF2B42D861003BC722 /* GoogleGenerativeAI */,
			);
			productName = GenerativeAICompiler;
			productReference = 6B47F5EB2B42CFC0003BC722 /* GenerativeAICompiler.app */;
			productType = "com.apple.product-type.application";
		};
/* End PBXNativeTarget section */

/* Begin PBXProject section */
		6B47F5E32B42CFC0003BC722 /* Project object */ = {
			isa = PBXProject;
			attributes = {
				BuildIndependentTargetsInParallel = 1;
				LastSwiftUpdateCheck = 1500;
				LastUpgradeCheck = 1500;
				TargetAttributes = {
					6B47F5EA2B42CFC0003BC722 = {
						CreatedOnToolsVersion = 15.0;
					};
				};
			};
			buildConfigurationList = 6B47F5E62B42CFC0003BC722 /* Build configuration list for PBXProject "GenerativeAICompiler" */;
			compatibilityVersion = "Xcode 14.0";
			developmentRegion = en;
			hasScannedForEncodings = 0;
			knownRegions = (
				en,
				Base,
			);
			mainGroup = 6B47F5E22B42CFC0003BC722;
			packageReferences = (
				6B47F5FE2B42D861003BC722 /* XCRemoteSwiftPackageReference "generative-ai-swift" */,
			);
			productRefGroup = 6B47F5EC2B42CFC0003BC722 /* Products */;
			projectDirPath = "";
			projectRoot = "";
			targets = (
				6B47F5EA2B42CFC0003BC722 /* GenerativeAICompiler */,
			);
		};
/* End PBXProject section */

/* Begin PBXResourcesBuildPhase section */
		6B47F5E92B42CFC0003BC722 /* Resources */ = {
			isa = PBXResourcesBuildPhase;
			buildActionMask = 2147483647;
			files = (
				6B47F6062B42E562003BC722 /* runButton.png in Resources */,
				6B47F5F62B42CFC1003BC722 /* Preview Assets.xcassets in Resources */,
				6B47F5F32B42CFC1003BC722 /* Assets.xcassets in Resources */,
			);
			runOnlyForDeploymentPostprocessing = 0;
		};
/* End PBXResourcesBuildPhase section */

/* Begin PBXSourcesBuildPhase section */
		6B47F5E72B42CFC0003BC722 /* Sources */ = {
			isa = PBXSourcesBuildPhase;
			buildActionMask = 2147483647;
			files = (
				6B850D462BED4CE700BBE505 /* CodeScoreExtractor.swift in Sources */,
				6B47F5FD2B42D218003BC722 /* ImagePicker.swift in Sources */,
				6B850D3C2BEBFF6700BBE505 /* MainView.swift in Sources */,
				6B850D422BEC1EF700BBE505 /* ComplexityVisualizer.swift in Sources */,
				6B47F5F12B42CFC0003BC722 /* ContentView.swift in Sources */,
				6B47F5EF2B42CFC0003BC722 /* GenerativeAICompilerApp.swift in Sources */,
				6B850D3E2BEC035100BBE505 /* RandomizeColors.swift in Sources */,
				6B850D442BED454000BBE505 /* CodeScoreVisualiser.swift in Sources */,
				6B47F6022B42D9CC003BC722 /* GeminiScript.swift in Sources */,
				6B47F6082B433454003BC722 /* OutputView.swift in Sources */,
			);
			runOnlyForDeploymentPostprocessing = 0;
		};
/* End PBXSourcesBuildPhase section */

/* Begin XCBuildConfiguration section */
		6B47F5F72B42CFC1003BC722 /* Debug */ = {
			isa = XCBuildConfiguration;
			buildSettings = {
				ALWAYS_SEARCH_USER_PATHS = NO;
				ASSETCATALOG_COMPILER_GENERATE_SWIFT_ASSET_SYMBOL_EXTENSIONS = YES;
				CLANG_ANALYZER_NONNULL = YES;
				CLANG_ANALYZER_NUMBER_OBJECT_CONVERSION = YES_AGGRESSIVE;
				CLANG_CXX_LANGUAGE_STANDARD = "gnu++20";
				CLANG_ENABLE_MODULES = YES;
				CLANG_ENABLE_OBJC_ARC = YES;
				CLANG_ENABLE_OBJC_WEAK = YES;
				CLANG_WARN_BLOCK_CAPTURE_AUTORELEASING = YES;
				CLANG_WARN_BOOL_CONVERSION = YES;
				CLANG_WARN_COMMA = YES;
				CLANG_WARN_CONSTANT_CONVERSION = YES;
				CLANG_WARN_DEPRECATED_OBJC_IMPLEMENTATIONS = YES;
				CLANG_WARN_DIRECT_OBJC_ISA_USAGE = YES_ERROR;
				CLANG_WARN_DOCUMENTATION_COMMENTS = YES;
				CLANG_WARN_EMPTY_BODY = YES;
				CLANG_WARN_ENUM_CONVERSION = YES;
				CLANG_WARN_INFINITE_RECURSION = YES;
				CLANG_WARN_INT_CONVERSION = YES;
				CLANG_WARN_NON_LITERAL_NULL_CONVERSION = YES;
				CLANG_WARN_OBJC_IMPLICIT_RETAIN_SELF = YES;
				CLANG_WARN_OBJC_LITERAL_CONVERSION = YES;
				CLANG_WARN_OBJC_ROOT_CLASS = YES_ERROR;
				CLANG_WARN_QUOTED_INCLUDE_IN_FRAMEWORK_HEADER = YES;
				CLANG_WARN_RANGE_LOOP_ANALYSIS = YES;
				CLANG_WARN_STRICT_PROTOTYPES = YES;
				CLANG_WARN_SUSPICIOUS_MOVE = YES;
				CLANG_WARN_UNGUARDED_AVAILABILITY = YES_AGGRESSIVE;
				CLANG_WARN_UNREACHABLE_CODE = YES;
				CLANG_WARN__DUPLICATE_METHOD_MATCH = YES;
				COPY_PHASE_STRIP = NO;
				DEBUG_INFORMATION_FORMAT = dwarf;
				ENABLE_STRICT_OBJC_MSGSEND = YES;
				ENABLE_TESTABILITY = YES;
				ENABLE_USER_SCRIPT_SANDBOXING = YES;
				GCC_C_LANGUAGE_STANDARD = gnu17;
				GCC_DYNAMIC_NO_PIC = NO;
				GCC_NO_COMMON_BLOCKS = YES;
				GCC_OPTIMIZATION_LEVEL = 0;
				GCC_PREPROCESSOR_DEFINITIONS = (
					"DEBUG=1",
					"$(inherited)",
				);
				GCC_WARN_64_TO_32_BIT_CONVERSION = YES;
				GCC_WARN_ABOUT_RETURN_TYPE = YES_ERROR;
				GCC_WARN_UNDECLARED_SELECTOR = YES;
				GCC_WARN_UNINITIALIZED_AUTOS = YES_AGGRESSIVE;
				GCC_WARN_UNUSED_FUNCTION = YES;
				GCC_WARN_UNUSED_VARIABLE = YES;
				IPHONEOS_DEPLOYMENT_TARGET = 17.0;
				LOCALIZATION_PREFERS_STRING_CATALOGS = YES;
				MTL_ENABLE_DEBUG_INFO = INCLUDE_SOURCE;
				MTL_FAST_MATH = YES;
				ONLY_ACTIVE_ARCH = YES;
				SDKROOT = iphoneos;
				SWIFT_ACTIVE_COMPILATION_CONDITIONS = "DEBUG $(inherited)";
				SWIFT_OPTIMIZATION_LEVEL = "-Onone";
			};
			name = Debug;
		};
		6B47F5F82B42CFC1003BC722 /* Release */ = {
			isa = XCBuildConfiguration;
			buildSettings = {
				ALWAYS_SEARCH_USER_PATHS = NO;
				ASSETCATALOG_COMPILER_GENERATE_SWIFT_ASSET_SYMBOL_EXTENSIONS = YES;
				CLANG_ANALYZER_NONNULL = YES;
				CLANG_ANALYZER_NUMBER_OBJECT_CONVERSION = YES_AGGRESSIVE;
				CLANG_CXX_LANGUAGE_STANDARD = "gnu++20";
				CLANG_ENABLE_MODULES = YES;
				CLANG_ENABLE_OBJC_ARC = YES;
				CLANG_ENABLE_OBJC_WEAK = YES;
				CLANG_WARN_BLOCK_CAPTURE_AUTORELEASING = YES;
				CLANG_WARN_BOOL_CONVERSION = YES;
				CLANG_WARN_COMMA = YES;
				CLANG_WARN_CONSTANT_CONVERSION = YES;
				CLANG_WARN_DEPRECATED_OBJC_IMPLEMENTATIONS = YES;
				CLANG_WARN_DIRECT_OBJC_ISA_USAGE = YES_ERROR;
				CLANG_WARN_DOCUMENTATION_COMMENTS = YES;
				CLANG_WARN_EMPTY_BODY = YES;
				CLANG_WARN_ENUM_CONVERSION = YES;
				CLANG_WARN_INFINITE_RECURSION = YES;
				CLANG_WARN_INT_CONVERSION = YES;
				CLANG_WARN_NON_LITERAL_NULL_CONVERSION = YES;
				CLANG_WARN_OBJC_IMPLICIT_RETAIN_SELF = YES;
				CLANG_WARN_OBJC_LITERAL_CONVERSION = YES;
				CLANG_WARN_OBJC_ROOT_CLASS = YES_ERROR;
				CLANG_WARN_QUOTED_INCLUDE_IN_FRAMEWORK_HEADER = YES;
				CLANG_WARN_RANGE_LOOP_ANALYSIS = YES;
				CLANG_WARN_STRICT_PROTOTYPES = YES;
				CLANG_WARN_SUSPICIOUS_MOVE = YES;
				CLANG_WARN_UNGUARDED_AVAILABILITY = YES_AGGRESSIVE;
				CLANG_WARN_UNREACHABLE_CODE = YES;
				CLANG_WARN__DUPLICATE_METHOD_MATCH = YES;
				COPY_PHASE_STRIP = NO;
				DEBUG_INFORMATION_FORMAT = "dwarf-with-dsym";
				ENABLE_NS_ASSERTIONS = NO;
				ENABLE_STRICT_OBJC_MSGSEND = YES;
				ENABLE_USER_SCRIPT_SANDBOXING = YES;
				GCC_C_LANGUAGE_STANDARD = gnu17;
				GCC_NO_COMMON_BLOCKS = YES;
				GCC_WARN_64_TO_32_BIT_CONVERSION = YES;
				GCC_WARN_ABOUT_RETURN_TYPE = YES_ERROR;
				GCC_WARN_UNDECLARED_SELECTOR = YES;
				GCC_WARN_UNINITIALIZED_AUTOS = YES_AGGRESSIVE;
				GCC_WARN_UNUSED_FUNCTION = YES;
				GCC_WARN_UNUSED_VARIABLE = YES;
				IPHONEOS_DEPLOYMENT_TARGET = 17.0;
				LOCALIZATION_PREFERS_STRING_CATALOGS = YES;
				MTL_ENABLE_DEBUG_INFO = NO;
				MTL_FAST_MATH = YES;
				SDKROOT = iphoneos;
				SWIFT_COMPILATION_MODE = wholemodule;
				VALIDATE_PRODUCT = YES;
			};
			name = Release;
		};
		6B47F5FA2B42CFC1003BC722 /* Debug */ = {
			isa = XCBuildConfiguration;
			buildSettings = {
				ASSETCATALOG_COMPILER_APPICON_NAME = AppIcon;
				ASSETCATALOG_COMPILER_GLOBAL_ACCENT_COLOR_NAME = AccentColor;
				CODE_SIGN_STYLE = Automatic;
				CURRENT_PROJECT_VERSION = 1;
				DEVELOPMENT_ASSET_PATHS = "\"GenerativeAICompiler/Preview Content\"";
				DEVELOPMENT_TEAM = QU2AHAQ4DT;
				ENABLE_PREVIEWS = YES;
				GENERATE_INFOPLIST_FILE = YES;
				INFOPLIST_KEY_UIApplicationSceneManifest_Generation = YES;
				INFOPLIST_KEY_UIApplicationSupportsIndirectInputEvents = YES;
				INFOPLIST_KEY_UILaunchScreen_Generation = YES;
				INFOPLIST_KEY_UISupportedInterfaceOrientations_iPad = "UIInterfaceOrientationPortrait UIInterfaceOrientationPortraitUpsideDown UIInterfaceOrientationLandscapeLeft UIInterfaceOrientationLandscapeRight";
				INFOPLIST_KEY_UISupportedInterfaceOrientations_iPhone = "UIInterfaceOrientationPortrait UIInterfaceOrientationLandscapeLeft UIInterfaceOrientationLandscapeRight";
				LD_RUNPATH_SEARCH_PATHS = (
					"$(inherited)",
					"@executable_path/Frameworks",
				);
				MARKETING_VERSION = 1.0;
				PRODUCT_BUNDLE_IDENTIFIER = com.Abhiraj.GenerativeAICompiler;
				PRODUCT_NAME = "$(TARGET_NAME)";
				SWIFT_EMIT_LOC_STRINGS = YES;
				SWIFT_VERSION = 5.0;
				TARGETED_DEVICE_FAMILY = "1,2";
			};
			name = Debug;
		};
		6B47F5FB2B42CFC1003BC722 /* Release */ = {
			isa = XCBuildConfiguration;
			buildSettings = {
				ASSETCATALOG_COMPILER_APPICON_NAME = AppIcon;
				ASSETCATALOG_COMPILER_GLOBAL_ACCENT_COLOR_NAME = AccentColor;
				CODE_SIGN_STYLE = Automatic;
				CURRENT_PROJECT_VERSION = 1;
				DEVELOPMENT_ASSET_PATHS = "\"GenerativeAICompiler/Preview Content\"";
				DEVELOPMENT_TEAM = QU2AHAQ4DT;
				ENABLE_PREVIEWS = YES;
				GENERATE_INFOPLIST_FILE = YES;
				INFOPLIST_KEY_UIApplicationSceneManifest_Generation = YES;
				INFOPLIST_KEY_UIApplicationSupportsIndirectInputEvents = YES;
				INFOPLIST_KEY_UILaunchScreen_Generation = YES;
				INFOPLIST_KEY_UISupportedInterfaceOrientations_iPad = "UIInterfaceOrientationPortrait UIInterfaceOrientationPortraitUpsideDown UIInterfaceOrientationLandscapeLeft UIInterfaceOrientationLandscapeRight";
				INFOPLIST_KEY_UISupportedInterfaceOrientations_iPhone = "UIInterfaceOrientationPortrait UIInterfaceOrientationLandscapeLeft UIInterfaceOrientationLandscapeRight";
				LD_RUNPATH_SEARCH_PATHS = (
					"$(inherited)",
					"@executable_path/Frameworks",
				);
				MARKETING_VERSION = 1.0;
				PRODUCT_BUNDLE_IDENTIFIER = com.Abhiraj.GenerativeAICompiler;
				PRODUCT_NAME = "$(TARGET_NAME)";
				SWIFT_EMIT_LOC_STRINGS = YES;
				SWIFT_VERSION = 5.0;
				TARGETED_DEVICE_FAMILY = "1,2";
			};
			name = Release;
		};
/* End XCBuildConfiguration section */

/* Begin XCConfigurationList section */
		6B47F5E62B42CFC0003BC722 /* Build configuration list for PBXProject "GenerativeAICompiler" */ = {
			isa = XCConfigurationList;
			buildConfigurations = (
				6B47F5F72B42CFC1003BC722 /* Debug */,
				6B47F5F82B42CFC1003BC722 /* Release */,
			);
			defaultConfigurationIsVisible = 0;
			defaultConfigurationName = Release;
		};
		6B47F5F92B42CFC1003BC722 /* Build configuration list for PBXNativeTarget "GenerativeAICompiler" */ = {
			isa = XCConfigurationList;
			buildConfigurations = (
				6B47F5FA2B42CFC1003BC722 /* Debug */,
				6B47F5FB2B42CFC1003BC722 /* Release */,
			);
			defaultConfigurationIsVisible = 0;
			defaultConfigurationName = Release;
		};
/* End XCConfigurationList section */

/* Begin XCRemoteSwiftPackageReference section */
		6B47F5FE2B42D861003BC722 /* XCRemoteSwiftPackageReference "generative-ai-swift" */ = {
			isa = XCRemoteSwiftPackageReference;
			repositoryURL = "https://github.com/google/generative-ai-swift";
			requirement = {
				kind = upToNextMajorVersion;
				minimumVersion = 0.4.4;
			};
		};
/* End XCRemoteSwiftPackageReference section */

/* Begin XCSwiftPackageProductDependency section */
		6B47F5FF2B42D861003BC722 /* GoogleGenerativeAI */ = {
			isa = XCSwiftPackageProductDependency;
			package = 6B47F5FE2B42D861003BC722 /* XCRemoteSwiftPackageReference "generative-ai-swift" */;
			productName = GoogleGenerativeAI;
		};
/* End XCSwiftPackageProductDependency section */
	};
	rootObject = 6B47F5E32B42CFC0003BC722 /* Project object */;
}
